
Microsoft Visual Studio Solution File, Format Version 10.00
# Visual C# Express 2008
Project("{FAE04EC0-301F-11D3-BF4B-00C04F79EFBC}") = "TestSuite_2008", "TestSuite_2008.csproj", "{24CC4EFE-73BD-430C-BA84-C0C87A25DF52}"
EndProject
Global
	GlobalSection(SolutionConfigurationPlatforms) = preSolution
		Debug|Any CPU = Debug|Any CPU
		Release|Any CPU = Release|Any CPU
	EndGlobalSection
	GlobalSection(ProjectConfigurationPlatforms) = postSolution
		{24CC4EFE-73BD-430C-BA84-C0C87A25DF52}.Debug|Any CPU.ActiveCfg = Debug|Any CPU
		{24CC4EFE-73BD-430C-BA84-C0C87A25DF52}.Debug|Any CPU.Build.0 = Debug|Any CPU
		{24CC4EFE-73BD-430C-BA84-C0C87A25DF52}.Release|Any CPU.ActiveCfg = Release|Any CPU
		{24CC4EFE-73BD-430C-BA84-C0C87A25DF52}.Release|Any CPU.Build.0 = Release|Any CPU
	EndGlobalSection
	GlobalSection(SolutionProperties) = preSolution
		HideSolutionNode = FALSE
	EndGlobalSection
EndGlobal
