
Microsoft Visual Studio Solution File, Format Version 10.00
# Visual Studio 2008
Project("{FAE04EC0-301F-11D3-BF4B-00C04F79EFBC}") = "neroraw", "neroraw.csproj", "{EC7CC373-FD9C-479C-9F13-9B33C4C5CB6C}"
EndProject
Global
	GlobalSection(SolutionConfigurationPlatforms) = preSolution
		Debug|Any CPU = Debug|Any CPU
		Release|Any CPU = Release|Any CPU
	EndGlobalSection
	GlobalSection(ProjectConfigurationPlatforms) = postSolution
		{EC7CC373-FD9C-479C-9F13-9B33C4C5CB6C}.Debug|Any CPU.ActiveCfg = Debug|Any CPU
		{EC7CC373-FD9C-479C-9F13-9B33C4C5CB6C}.Debug|Any CPU.Build.0 = Debug|Any CPU
		{EC7CC373-FD9C-479C-9F13-9B33C4C5CB6C}.Release|Any CPU.ActiveCfg = Release|Any CPU
		{EC7CC373-FD9C-479C-9F13-9B33C4C5CB6C}.Release|Any CPU.Build.0 = Release|Any CPU
	EndGlobalSection
	GlobalSection(SolutionProperties) = preSolution
		HideSolutionNode = FALSE
	EndGlobalSection
EndGlobal
